// !$*UTF8*$!
{
	archiveVersion = 1;
	classes = {
	};
	objectVersion = 53;
	objects = {

/* Begin PBXBuildFile section */
		6F65B660243077A6007E5E4F /* Quiz WatchKit App.app in Embed Watch Content */ = {isa = PBXBuildFile; fileRef = 6F65B65F243077A6007E5E4F /* Quiz WatchKit App.app */; settings = {ATTRIBUTES = (RemoveHeadersOnCopy, ); }; };
		6F65B666243077A6007E5E4F /* Interface.storyboard in Resources */ = {isa = PBXBuildFile; fileRef = 6F65B664243077A6007E5E4F /* Interface.storyboard */; };
		6F65B668243077A7007E5E4F /* Assets.xcassets in Resources */ = {isa = PBXBuildFile; fileRef = 6F65B667243077A7007E5E4F /* Assets.xcassets */; };
		6F65B66F243077A8007E5E4F /* Quiz WatchKit Extension.appex in Embed App Extensions */ = {isa = PBXBuildFile; fileRef = 6F65B66E243077A8007E5E4F /* Quiz WatchKit Extension.appex */; settings = {ATTRIBUTES = (RemoveHeadersOnCopy, ); }; };
		6F65B674243077A8007E5E4F /* QuestionView.swift in Sources */ = {isa = PBXBuildFile; fileRef = 6F65B673243077A8007E5E4F /* QuestionView.swift */; };
		6F65B676243077A8007E5E4F /* HostingController.swift in Sources */ = {isa = PBXBuildFile; fileRef = 6F65B675243077A8007E5E4F /* HostingController.swift */; };
		6F65B678243077A8007E5E4F /* ExtensionDelegate.swift in Sources */ = {isa = PBXBuildFile; fileRef = 6F65B677243077A8007E5E4F /* ExtensionDelegate.swift */; };
		6F65B67A243077A8007E5E4F /* NotificationController.swift in Sources */ = {isa = PBXBuildFile; fileRef = 6F65B679243077A8007E5E4F /* NotificationController.swift */; };
		6F65B67C243077A8007E5E4F /* NotificationView.swift in Sources */ = {isa = PBXBuildFile; fileRef = 6F65B67B243077A8007E5E4F /* NotificationView.swift */; };
		6F65B67E243077A8007E5E4F /* Assets.xcassets in Resources */ = {isa = PBXBuildFile; fileRef = 6F65B67D243077A8007E5E4F /* Assets.xcassets */; };
		6F65B681243077A8007E5E4F /* Preview Assets.xcassets in Resources */ = {isa = PBXBuildFile; fileRef = 6F65B680243077A8007E5E4F /* Preview Assets.xcassets */; };
		6F65B69624309E23007E5E4F /* StartView.swift in Sources */ = {isa = PBXBuildFile; fileRef = 6F65B69524309E23007E5E4F /* StartView.swift */; };
		6F65B69824309F03007E5E4F /* Question.swift in Sources */ = {isa = PBXBuildFile; fileRef = 6F65B69724309F03007E5E4F /* Question.swift */; };
		6F65B69A24315C7F007E5E4F /* AnswersView.swift in Sources */ = {isa = PBXBuildFile; fileRef = 6F65B69924315C7F007E5E4F /* AnswersView.swift */; };
		6FAFBD3724363FFA00333C49 /* Category.swift in Sources */ = {isa = PBXBuildFile; fileRef = 6FAFBD3624363FFA00333C49 /* Category.swift */; };
/* End PBXBuildFile section */

/* Begin PBXContainerItemProxy section */
		6F65B661243077A6007E5E4F /* PBXContainerItemProxy */ = {
			isa = PBXContainerItemProxy;
			containerPortal = 6F65B655243077A6007E5E4F /* Project object */;
			proxyType = 1;
			remoteGlobalIDString = 6F65B65E243077A6007E5E4F;
			remoteInfo = "Quiz WatchKit App";
		};
		6F65B670243077A8007E5E4F /* PBXContainerItemProxy */ = {
			isa = PBXContainerItemProxy;
			containerPortal = 6F65B655243077A6007E5E4F /* Project object */;
			proxyType = 1;
			remoteGlobalIDString = 6F65B66D243077A8007E5E4F;
			remoteInfo = "Quiz WatchKit Extension";
		};
/* End PBXContainerItemProxy section */

/* Begin PBXCopyFilesBuildPhase section */
		6F65B689243077A8007E5E4F /* Embed App Extensions */ = {
			isa = PBXCopyFilesBuildPhase;
			buildActionMask = 2147483647;
			dstPath = "";
			dstSubfolderSpec = 13;
			files = (
				6F65B66F243077A8007E5E4F /* Quiz WatchKit Extension.appex in Embed App Extensions */,
			);
			name = "Embed App Extensions";
			runOnlyForDeploymentPostprocessing = 0;
		};
		6F65B68D243077A8007E5E4F /* Embed Watch Content */ = {
			isa = PBXCopyFilesBuildPhase;
			buildActionMask = 2147483647;
			dstPath = "$(CONTENTS_FOLDER_PATH)/Watch";
			dstSubfolderSpec = 16;
			files = (
				6F65B660243077A6007E5E4F /* Quiz WatchKit App.app in Embed Watch Content */,
			);
			name = "Embed Watch Content";
			runOnlyForDeploymentPostprocessing = 0;
		};
/* End PBXCopyFilesBuildPhase section */

/* Begin PBXFileReference section */
		6F65B65B243077A6007E5E4F /* Quiz.app */ = {isa = PBXFileReference; explicitFileType = wrapper.application; includeInIndex = 0; path = Quiz.app; sourceTree = BUILT_PRODUCTS_DIR; };
		6F65B65F243077A6007E5E4F /* Quiz WatchKit App.app */ = {isa = PBXFileReference; explicitFileType = wrapper.application; includeInIndex = 0; path = "Quiz WatchKit App.app"; sourceTree = BUILT_PRODUCTS_DIR; };
		6F65B665243077A6007E5E4F /* Base */ = {isa = PBXFileReference; lastKnownFileType = file.storyboard; name = Base; path = Base.lproj/Interface.storyboard; sourceTree = "<group>"; };
		6F65B667243077A7007E5E4F /* Assets.xcassets */ = {isa = PBXFileReference; lastKnownFileType = folder.assetcatalog; path = Assets.xcassets; sourceTree = "<group>"; };
		6F65B669243077A7007E5E4F /* Info.plist */ = {isa = PBXFileReference; lastKnownFileType = text.plist.xml; path = Info.plist; sourceTree = "<group>"; };
		6F65B66E243077A8007E5E4F /* Quiz WatchKit Extension.appex */ = {isa = PBXFileReference; explicitFileType = "wrapper.app-extension"; includeInIndex = 0; path = "Quiz WatchKit Extension.appex"; sourceTree = BUILT_PRODUCTS_DIR; };
		6F65B673243077A8007E5E4F /* QuestionView.swift */ = {isa = PBXFileReference; lastKnownFileType = sourcecode.swift; path = QuestionView.swift; sourceTree = "<group>"; };
		6F65B675243077A8007E5E4F /* HostingController.swift */ = {isa = PBXFileReference; lastKnownFileType = sourcecode.swift; path = HostingController.swift; sourceTree = "<group>"; };
		6F65B677243077A8007E5E4F /* ExtensionDelegate.swift */ = {isa = PBXFileReference; lastKnownFileType = sourcecode.swift; path = ExtensionDelegate.swift; sourceTree = "<group>"; };
		6F65B679243077A8007E5E4F /* NotificationController.swift */ = {isa = PBXFileReference; lastKnownFileType = sourcecode.swift; path = NotificationController.swift; sourceTree = "<group>"; };
		6F65B67B243077A8007E5E4F /* NotificationView.swift */ = {isa = PBXFileReference; lastKnownFileType = sourcecode.swift; path = NotificationView.swift; sourceTree = "<group>"; };
		6F65B67D243077A8007E5E4F /* Assets.xcassets */ = {isa = PBXFileReference; lastKnownFileType = folder.assetcatalog; path = Assets.xcassets; sourceTree = "<group>"; };
		6F65B680243077A8007E5E4F /* Preview Assets.xcassets */ = {isa = PBXFileReference; lastKnownFileType = folder.assetcatalog; path = "Preview Assets.xcassets"; sourceTree = "<group>"; };
		6F65B682243077A8007E5E4F /* Info.plist */ = {isa = PBXFileReference; lastKnownFileType = text.plist.xml; path = Info.plist; sourceTree = "<group>"; };
		6F65B683243077A8007E5E4F /* PushNotificationPayload.apns */ = {isa = PBXFileReference; lastKnownFileType = text; path = PushNotificationPayload.apns; sourceTree = "<group>"; };
		6F65B69524309E23007E5E4F /* StartView.swift */ = {isa = PBXFileReference; lastKnownFileType = sourcecode.swift; path = StartView.swift; sourceTree = "<group>"; };
		6F65B69724309F03007E5E4F /* Question.swift */ = {isa = PBXFileReference; lastKnownFileType = sourcecode.swift; path = Question.swift; sourceTree = "<group>"; };
		6F65B69924315C7F007E5E4F /* AnswersView.swift */ = {isa = PBXFileReference; lastKnownFileType = sourcecode.swift; path = AnswersView.swift; sourceTree = "<group>"; };
		6FAFBD3624363FFA00333C49 /* Category.swift */ = {isa = PBXFileReference; lastKnownFileType = sourcecode.swift; path = Category.swift; sourceTree = "<group>"; };
/* End PBXFileReference section */

/* Begin PBXFrameworksBuildPhase section */
		6F65B66B243077A8007E5E4F /* Frameworks */ = {
			isa = PBXFrameworksBuildPhase;
			buildActionMask = 2147483647;
			files = (
			);
			runOnlyForDeploymentPostprocessing = 0;
		};
/* End PBXFrameworksBuildPhase section */

/* Begin PBXGroup section */
		6F65B654243077A6007E5E4F = {
			isa = PBXGroup;
			children = (
				6F65B663243077A6007E5E4F /* Quiz WatchKit App */,
				6F65B672243077A8007E5E4F /* Quiz WatchKit Extension */,
				6F65B65C243077A6007E5E4F /* Products */,
			);
			sourceTree = "<group>";
		};
		6F65B65C243077A6007E5E4F /* Products */ = {
			isa = PBXGroup;
			children = (
				6F65B65B243077A6007E5E4F /* Quiz.app */,
				6F65B65F243077A6007E5E4F /* Quiz WatchKit App.app */,
				6F65B66E243077A8007E5E4F /* Quiz WatchKit Extension.appex */,
			);
			name = Products;
			sourceTree = "<group>";
		};
		6F65B663243077A6007E5E4F /* Quiz WatchKit App */ = {
			isa = PBXGroup;
			children = (
				6F65B664243077A6007E5E4F /* Interface.storyboard */,
				6F65B667243077A7007E5E4F /* Assets.xcassets */,
				6F65B669243077A7007E5E4F /* Info.plist */,
			);
			path = "Quiz WatchKit App";
			sourceTree = "<group>";
		};
		6F65B672243077A8007E5E4F /* Quiz WatchKit Extension */ = {
			isa = PBXGroup;
			children = (
				6F65B69124307812007E5E4F /* Models */,
				6F65B69324307821007E5E4F /* Views */,
				6F65B6922430781B007E5E4F /* Containers */,
				6F65B69424308D18007E5E4F /* Controllers */,
				6F65B677243077A8007E5E4F /* ExtensionDelegate.swift */,
				6F65B67D243077A8007E5E4F /* Assets.xcassets */,
				6F65B682243077A8007E5E4F /* Info.plist */,
				6F65B683243077A8007E5E4F /* PushNotificationPayload.apns */,
				6F65B67F243077A8007E5E4F /* Preview Content */,
			);
			path = "Quiz WatchKit Extension";
			sourceTree = "<group>";
		};
		6F65B67F243077A8007E5E4F /* Preview Content */ = {
			isa = PBXGroup;
			children = (
				6F65B680243077A8007E5E4F /* Preview Assets.xcassets */,
			);
			path = "Preview Content";
			sourceTree = "<group>";
		};
		6F65B69124307812007E5E4F /* Models */ = {
			isa = PBXGroup;
			children = (
				6F65B69724309F03007E5E4F /* Question.swift */,
				6FAFBD3624363FFA00333C49 /* Category.swift */,
			);
			path = Models;
			sourceTree = "<group>";
		};
		6F65B6922430781B007E5E4F /* Containers */ = {
			isa = PBXGroup;
			children = (
			);
			path = Containers;
			sourceTree = "<group>";
		};
		6F65B69324307821007E5E4F /* Views */ = {
			isa = PBXGroup;
			children = (
				6F65B67B243077A8007E5E4F /* NotificationView.swift */,
				6F65B673243077A8007E5E4F /* QuestionView.swift */,
				6F65B69524309E23007E5E4F /* StartView.swift */,
				6F65B69924315C7F007E5E4F /* AnswersView.swift */,
			);
			path = Views;
			sourceTree = "<group>";
		};
		6F65B69424308D18007E5E4F /* Controllers */ = {
			isa = PBXGroup;
			children = (
				6F65B675243077A8007E5E4F /* HostingController.swift */,
				6F65B679243077A8007E5E4F /* NotificationController.swift */,
			);
			path = Controllers;
			sourceTree = "<group>";
		};
/* End PBXGroup section */

/* Begin PBXNativeTarget section */
		6F65B65A243077A6007E5E4F /* Quiz */ = {
			isa = PBXNativeTarget;
			buildConfigurationList = 6F65B68E243077A8007E5E4F /* Build configuration list for PBXNativeTarget "Quiz" */;
			buildPhases = (
				6F65B659243077A6007E5E4F /* Resources */,
				6F65B68D243077A8007E5E4F /* Embed Watch Content */,
			);
			buildRules = (
			);
			dependencies = (
				6F65B662243077A6007E5E4F /* PBXTargetDependency */,
			);
			name = Quiz;
			productName = Quiz;
			productReference = 6F65B65B243077A6007E5E4F /* Quiz.app */;
			productType = "com.apple.product-type.application.watchapp2-container";
		};
		6F65B65E243077A6007E5E4F /* Quiz WatchKit App */ = {
			isa = PBXNativeTarget;
			buildConfigurationList = 6F65B68A243077A8007E5E4F /* Build configuration list for PBXNativeTarget "Quiz WatchKit App" */;
			buildPhases = (
				6F65B65D243077A6007E5E4F /* Resources */,
				6F65B689243077A8007E5E4F /* Embed App Extensions */,
			);
			buildRules = (
			);
			dependencies = (
				6F65B671243077A8007E5E4F /* PBXTargetDependency */,
			);
			name = "Quiz WatchKit App";
			productName = "Quiz WatchKit App";
			productReference = 6F65B65F243077A6007E5E4F /* Quiz WatchKit App.app */;
			productType = "com.apple.product-type.application.watchapp2";
		};
		6F65B66D243077A8007E5E4F /* Quiz WatchKit Extension */ = {
			isa = PBXNativeTarget;
			buildConfigurationList = 6F65B686243077A8007E5E4F /* Build configuration list for PBXNativeTarget "Quiz WatchKit Extension" */;
			buildPhases = (
				6F65B66A243077A8007E5E4F /* Sources */,
				6F65B66B243077A8007E5E4F /* Frameworks */,
				6F65B66C243077A8007E5E4F /* Resources */,
			);
			buildRules = (
			);
			dependencies = (
			);
			name = "Quiz WatchKit Extension";
			productName = "Quiz WatchKit Extension";
			productReference = 6F65B66E243077A8007E5E4F /* Quiz WatchKit Extension.appex */;
			productType = "com.apple.product-type.watchkit2-extension";
		};
/* End PBXNativeTarget section */

/* Begin PBXProject section */
		6F65B655243077A6007E5E4F /* Project object */ = {
			isa = PBXProject;
			attributes = {
				LastSwiftUpdateCheck = 1140;
				LastUpgradeCheck = 1140;
				ORGANIZATIONNAME = PYT;
				TargetAttributes = {
					6F65B65A243077A6007E5E4F = {
						CreatedOnToolsVersion = 11.4;
					};
					6F65B65E243077A6007E5E4F = {
						CreatedOnToolsVersion = 11.4;
					};
					6F65B66D243077A8007E5E4F = {
						CreatedOnToolsVersion = 11.4;
					};
				};
			};
			buildConfigurationList = 6F65B658243077A6007E5E4F /* Build configuration list for PBXProject "Quiz" */;
			compatibilityVersion = "Xcode 11.4";
			developmentRegion = en;
			hasScannedForEncodings = 0;
			knownRegions = (
				en,
				Base,
			);
			mainGroup = 6F65B654243077A6007E5E4F;
			productRefGroup = 6F65B65C243077A6007E5E4F /* Products */;
			projectDirPath = "";
			projectRoot = "";
			targets = (
				6F65B65A243077A6007E5E4F /* Quiz */,
				6F65B65E243077A6007E5E4F /* Quiz WatchKit App */,
				6F65B66D243077A8007E5E4F /* Quiz WatchKit Extension */,
			);
		};
/* End PBXProject section */

/* Begin PBXResourcesBuildPhase section */
		6F65B659243077A6007E5E4F /* Resources */ = {
			isa = PBXResourcesBuildPhase;
			buildActionMask = 2147483647;
			files = (
			);
			runOnlyForDeploymentPostprocessing = 0;
		};
		6F65B65D243077A6007E5E4F /* Resources */ = {
			isa = PBXResourcesBuildPhase;
			buildActionMask = 2147483647;
			files = (
				6F65B668243077A7007E5E4F /* Assets.xcassets in Resources */,
				6F65B666243077A6007E5E4F /* Interface.storyboard in Resources */,
			);
			runOnlyForDeploymentPostprocessing = 0;
		};
		6F65B66C243077A8007E5E4F /* Resources */ = {
			isa = PBXResourcesBuildPhase;
			buildActionMask = 2147483647;
			files = (
				6F65B681243077A8007E5E4F /* Preview Assets.xcassets in Resources */,
				6F65B67E243077A8007E5E4F /* Assets.xcassets in Resources */,
			);
			runOnlyForDeploymentPostprocessing = 0;
		};
/* End PBXResourcesBuildPhase section */

/* Begin PBXSourcesBuildPhase section */
		6F65B66A243077A8007E5E4F /* Sources */ = {
			isa = PBXSourcesBuildPhase;
			buildActionMask = 2147483647;
			files = (
				6F65B676243077A8007E5E4F /* HostingController.swift in Sources */,
				6F65B674243077A8007E5E4F /* QuestionView.swift in Sources */,
				6F65B69A24315C7F007E5E4F /* AnswersView.swift in Sources */,
				6F65B67A243077A8007E5E4F /* NotificationController.swift in Sources */,
				6F65B69624309E23007E5E4F /* StartView.swift in Sources */,
				6FAFBD3724363FFA00333C49 /* Category.swift in Sources */,
				6F65B678243077A8007E5E4F /* ExtensionDelegate.swift in Sources */,
				6F65B69824309F03007E5E4F /* Question.swift in Sources */,
				6F65B67C243077A8007E5E4F /* NotificationView.swift in Sources */,
			);
			runOnlyForDeploymentPostprocessing = 0;
		};
/* End PBXSourcesBuildPhase section */

/* Begin PBXTargetDependency section */
		6F65B662243077A6007E5E4F /* PBXTargetDependency */ = {
			isa = PBXTargetDependency;
			target = 6F65B65E243077A6007E5E4F /* Quiz WatchKit App */;
			targetProxy = 6F65B661243077A6007E5E4F /* PBXContainerItemProxy */;
		};
		6F65B671243077A8007E5E4F /* PBXTargetDependency */ = {
			isa = PBXTargetDependency;
			target = 6F65B66D243077A8007E5E4F /* Quiz WatchKit Extension */;
			targetProxy = 6F65B670243077A8007E5E4F /* PBXContainerItemProxy */;
		};
/* End PBXTargetDependency section */

/* Begin PBXVariantGroup section */
		6F65B664243077A6007E5E4F /* Interface.storyboard */ = {
			isa = PBXVariantGroup;
			children = (
				6F65B665243077A6007E5E4F /* Base */,
			);
			name = Interface.storyboard;
			sourceTree = "<group>";
		};
/* End PBXVariantGroup section */

/* Begin XCBuildConfiguration section */
		6F65B684243077A8007E5E4F /* Debug */ = {
			isa = XCBuildConfiguration;
			buildSettings = {
				ALWAYS_SEARCH_USER_PATHS = NO;
				CLANG_ANALYZER_NONNULL = YES;
				CLANG_ANALYZER_NUMBER_OBJECT_CONVERSION = YES_AGGRESSIVE;
				CLANG_CXX_LANGUAGE_STANDARD = "gnu++14";
				CLANG_CXX_LIBRARY = "libc++";
				CLANG_ENABLE_MODULES = YES;
				CLANG_ENABLE_OBJC_ARC = YES;
				CLANG_ENABLE_OBJC_WEAK = YES;
				CLANG_WARN_BLOCK_CAPTURE_AUTORELEASING = YES;
				CLANG_WARN_BOOL_CONVERSION = YES;
				CLANG_WARN_COMMA = YES;
				CLANG_WARN_CONSTANT_CONVERSION = YES;
				CLANG_WARN_DEPRECATED_OBJC_IMPLEMENTATIONS = YES;
				CLANG_WARN_DIRECT_OBJC_ISA_USAGE = YES_ERROR;
				CLANG_WARN_DOCUMENTATION_COMMENTS = YES;
				CLANG_WARN_EMPTY_BODY = YES;
				CLANG_WARN_ENUM_CONVERSION = YES;
				CLANG_WARN_INFINITE_RECURSION = YES;
				CLANG_WARN_INT_CONVERSION = YES;
				CLANG_WARN_NON_LITERAL_NULL_CONVERSION = YES;
				CLANG_WARN_OBJC_IMPLICIT_RETAIN_SELF = YES;
				CLANG_WARN_OBJC_LITERAL_CONVERSION = YES;
				CLANG_WARN_OBJC_ROOT_CLASS = YES_ERROR;
				CLANG_WARN_RANGE_LOOP_ANALYSIS = YES;
				CLANG_WARN_STRICT_PROTOTYPES = YES;
				CLANG_WARN_SUSPICIOUS_MOVE = YES;
				CLANG_WARN_UNGUARDED_AVAILABILITY = YES_AGGRESSIVE;
				CLANG_WARN_UNREACHABLE_CODE = YES;
				CLANG_WARN__DUPLICATE_METHOD_MATCH = YES;
				COPY_PHASE_STRIP = NO;
				DEBUG_INFORMATION_FORMAT = dwarf;
				ENABLE_STRICT_OBJC_MSGSEND = YES;
				ENABLE_TESTABILITY = YES;
				GCC_C_LANGUAGE_STANDARD = gnu11;
				GCC_DYNAMIC_NO_PIC = NO;
				GCC_NO_COMMON_BLOCKS = YES;
				GCC_OPTIMIZATION_LEVEL = 0;
				GCC_PREPROCESSOR_DEFINITIONS = (
					"DEBUG=1",
					"$(inherited)",
				);
				GCC_WARN_64_TO_32_BIT_CONVERSION = YES;
				GCC_WARN_ABOUT_RETURN_TYPE = YES_ERROR;
				GCC_WARN_UNDECLARED_SELECTOR = YES;
				GCC_WARN_UNINITIALIZED_AUTOS = YES_AGGRESSIVE;
				GCC_WARN_UNUSED_FUNCTION = YES;
				GCC_WARN_UNUSED_VARIABLE = YES;
				MTL_ENABLE_DEBUG_INFO = INCLUDE_SOURCE;
				MTL_FAST_MATH = YES;
				ONLY_ACTIVE_ARCH = YES;
				SDKROOT = iphoneos;
				SWIFT_ACTIVE_COMPILATION_CONDITIONS = DEBUG;
				SWIFT_OPTIMIZATION_LEVEL = "-Onone";
			};
			name = Debug;
		};
		6F65B685243077A8007E5E4F /* Release */ = {
			isa = XCBuildConfiguration;
			buildSettings = {
				ALWAYS_SEARCH_USER_PATHS = NO;
				CLANG_ANALYZER_NONNULL = YES;
				CLANG_ANALYZER_NUMBER_OBJECT_CONVERSION = YES_AGGRESSIVE;
				CLANG_CXX_LANGUAGE_STANDARD = "gnu++14";
				CLANG_CXX_LIBRARY = "libc++";
				CLANG_ENABLE_MODULES = YES;
				CLANG_ENABLE_OBJC_ARC = YES;
				CLANG_ENABLE_OBJC_WEAK = YES;
				CLANG_WARN_BLOCK_CAPTURE_AUTORELEASING = YES;
				CLANG_WARN_BOOL_CONVERSION = YES;
				CLANG_WARN_COMMA = YES;
				CLANG_WARN_CONSTANT_CONVERSION = YES;
				CLANG_WARN_DEPRECATED_OBJC_IMPLEMENTATIONS = YES;
				CLANG_WARN_DIRECT_OBJC_ISA_USAGE = YES_ERROR;
				CLANG_WARN_DOCUMENTATION_COMMENTS = YES;
				CLANG_WARN_EMPTY_BODY = YES;
				CLANG_WARN_ENUM_CONVERSION = YES;
				CLANG_WARN_INFINITE_RECURSION = YES;
				CLANG_WARN_INT_CONVERSION = YES;
				CLANG_WARN_NON_LITERAL_NULL_CONVERSION = YES;
				CLANG_WARN_OBJC_IMPLICIT_RETAIN_SELF = YES;
				CLANG_WARN_OBJC_LITERAL_CONVERSION = YES;
				CLANG_WARN_OBJC_ROOT_CLASS = YES_ERROR;
				CLANG_WARN_RANGE_LOOP_ANALYSIS = YES;
				CLANG_WARN_STRICT_PROTOTYPES = YES;
				CLANG_WARN_SUSPICIOUS_MOVE = YES;
				CLANG_WARN_UNGUARDED_AVAILABILITY = YES_AGGRESSIVE;
				CLANG_WARN_UNREACHABLE_CODE = YES;
				CLANG_WARN__DUPLICATE_METHOD_MATCH = YES;
				COPY_PHASE_STRIP = NO;
				DEBUG_INFORMATION_FORMAT = "dwarf-with-dsym";
				ENABLE_NS_ASSERTIONS = NO;
				ENABLE_STRICT_OBJC_MSGSEND = YES;
				GCC_C_LANGUAGE_STANDARD = gnu11;
				GCC_NO_COMMON_BLOCKS = YES;
				GCC_WARN_64_TO_32_BIT_CONVERSION = YES;
				GCC_WARN_ABOUT_RETURN_TYPE = YES_ERROR;
				GCC_WARN_UNDECLARED_SELECTOR = YES;
				GCC_WARN_UNINITIALIZED_AUTOS = YES_AGGRESSIVE;
				GCC_WARN_UNUSED_FUNCTION = YES;
				GCC_WARN_UNUSED_VARIABLE = YES;
				MTL_ENABLE_DEBUG_INFO = NO;
				MTL_FAST_MATH = YES;
				SDKROOT = iphoneos;
				SWIFT_COMPILATION_MODE = wholemodule;
				SWIFT_OPTIMIZATION_LEVEL = "-O";
				VALIDATE_PRODUCT = YES;
			};
			name = Release;
		};
		6F65B687243077A8007E5E4F /* Debug */ = {
			isa = XCBuildConfiguration;
			buildSettings = {
				ASSETCATALOG_COMPILER_COMPLICATION_NAME = Complication;
				CODE_SIGN_STYLE = Automatic;
				DEVELOPMENT_ASSET_PATHS = "\"Quiz WatchKit Extension/Preview Content\"";
				DEVELOPMENT_TEAM = V5RUBK7SPR;
				ENABLE_PREVIEWS = YES;
				INFOPLIST_FILE = "Quiz WatchKit Extension/Info.plist";
				LD_RUNPATH_SEARCH_PATHS = (
					"$(inherited)",
					"@executable_path/Frameworks",
					"@executable_path/../../Frameworks",
				);
				PRODUCT_BUNDLE_IDENTIFIER = com.pyt.Quiz.watchkitapp.watchkitextension;
				PRODUCT_NAME = "${TARGET_NAME}";
				SDKROOT = watchos;
				SKIP_INSTALL = YES;
				SWIFT_VERSION = 5.0;
				TARGETED_DEVICE_FAMILY = 4;
				WATCHOS_DEPLOYMENT_TARGET = 6.2;
			};
			name = Debug;
		};
		6F65B688243077A8007E5E4F /* Release */ = {
			isa = XCBuildConfiguration;
			buildSettings = {
				ASSETCATALOG_COMPILER_COMPLICATION_NAME = Complication;
				CODE_SIGN_STYLE = Automatic;
				DEVELOPMENT_ASSET_PATHS = "\"Quiz WatchKit Extension/Preview Content\"";
				DEVELOPMENT_TEAM = V5RUBK7SPR;
				ENABLE_PREVIEWS = YES;
				INFOPLIST_FILE = "Quiz WatchKit Extension/Info.plist";
				LD_RUNPATH_SEARCH_PATHS = (
					"$(inherited)",
					"@executable_path/Frameworks",
					"@executable_path/../../Frameworks",
				);
				PRODUCT_BUNDLE_IDENTIFIER = com.pyt.Quiz.watchkitapp.watchkitextension;
				PRODUCT_NAME = "${TARGET_NAME}";
				SDKROOT = watchos;
				SKIP_INSTALL = YES;
				SWIFT_VERSION = 5.0;
				TARGETED_DEVICE_FAMILY = 4;
				WATCHOS_DEPLOYMENT_TARGET = 6.2;
			};
			name = Release;
		};
		6F65B68B243077A8007E5E4F /* Debug */ = {
			isa = XCBuildConfiguration;
			buildSettings = {
				ALWAYS_EMBED_SWIFT_STANDARD_LIBRARIES = YES;
				ASSETCATALOG_COMPILER_APPICON_NAME = AppIcon;
				CODE_SIGN_STYLE = Automatic;
				DEVELOPMENT_TEAM = V5RUBK7SPR;
				IBSC_MODULE = Quiz_WatchKit_Extension;
				INFOPLIST_FILE = "Quiz WatchKit App/Info.plist";
				PRODUCT_BUNDLE_IDENTIFIER = com.pyt.Quiz.watchkitapp;
				PRODUCT_NAME = "$(TARGET_NAME)";
				SDKROOT = watchos;
				SKIP_INSTALL = YES;
				SWIFT_VERSION = 5.0;
				TARGETED_DEVICE_FAMILY = 4;
				WATCHOS_DEPLOYMENT_TARGET = 6.2;
			};
			name = Debug;
		};
		6F65B68C243077A8007E5E4F /* Release */ = {
			isa = XCBuildConfiguration;
			buildSettings = {
				ALWAYS_EMBED_SWIFT_STANDARD_LIBRARIES = YES;
				ASSETCATALOG_COMPILER_APPICON_NAME = AppIcon;
				CODE_SIGN_STYLE = Automatic;
				DEVELOPMENT_TEAM = V5RUBK7SPR;
				IBSC_MODULE = Quiz_WatchKit_Extension;
				INFOPLIST_FILE = "Quiz WatchKit App/Info.plist";
				PRODUCT_BUNDLE_IDENTIFIER = com.pyt.Quiz.watchkitapp;
				PRODUCT_NAME = "$(TARGET_NAME)";
				SDKROOT = watchos;
				SKIP_INSTALL = YES;
				SWIFT_VERSION = 5.0;
				TARGETED_DEVICE_FAMILY = 4;
				WATCHOS_DEPLOYMENT_TARGET = 6.2;
			};
			name = Release;
		};
		6F65B68F243077A8007E5E4F /* Debug */ = {
			isa = XCBuildConfiguration;
			buildSettings = {
				CODE_SIGN_STYLE = Automatic;
				CURRENT_PROJECT_VERSION = 1;
				DEVELOPMENT_TEAM = V5RUBK7SPR;
				MARKETING_VERSION = 1.0;
				PRODUCT_BUNDLE_IDENTIFIER = com.pyt.Quiz;
				PRODUCT_NAME = "$(TARGET_NAME)";
				SWIFT_VERSION = 5.0;
			};
			name = Debug;
		};
		6F65B690243077A8007E5E4F /* Release */ = {
			isa = XCBuildConfiguration;
			buildSettings = {
				CODE_SIGN_STYLE = Automatic;
				CURRENT_PROJECT_VERSION = 1;
				DEVELOPMENT_TEAM = V5RUBK7SPR;
				MARKETING_VERSION = 1.0;
				PRODUCT_BUNDLE_IDENTIFIER = com.pyt.Quiz;
				PRODUCT_NAME = "$(TARGET_NAME)";
				SWIFT_VERSION = 5.0;
			};
			name = Release;
		};
/* End XCBuildConfiguration section */

/* Begin XCConfigurationList section */
		6F65B658243077A6007E5E4F /* Build configuration list for PBXProject "Quiz" */ = {
			isa = XCConfigurationList;
			buildConfigurations = (
				6F65B684243077A8007E5E4F /* Debug */,
				6F65B685243077A8007E5E4F /* Release */,
			);
			defaultConfigurationIsVisible = 0;
			defaultConfigurationName = Release;
		};
		6F65B686243077A8007E5E4F /* Build configuration list for PBXNativeTarget "Quiz WatchKit Extension" */ = {
			isa = XCConfigurationList;
			buildConfigurations = (
				6F65B687243077A8007E5E4F /* Debug */,
				6F65B688243077A8007E5E4F /* Release */,
			);
			defaultConfigurationIsVisible = 0;
			defaultConfigurationName = Release;
		};
		6F65B68A243077A8007E5E4F /* Build configuration list for PBXNativeTarget "Quiz WatchKit App" */ = {
			isa = XCConfigurationList;
			buildConfigurations = (
				6F65B68B243077A8007E5E4F /* Debug */,
				6F65B68C243077A8007E5E4F /* Release */,
			);
			defaultConfigurationIsVisible = 0;
			defaultConfigurationName = Release;
		};
		6F65B68E243077A8007E5E4F /* Build configuration list for PBXNativeTarget "Quiz" */ = {
			isa = XCConfigurationList;
			buildConfigurations = (
				6F65B68F243077A8007E5E4F /* Debug */,
				6F65B690243077A8007E5E4F /* Release */,
			);
			defaultConfigurationIsVisible = 0;
			defaultConfigurationName = Release;
		};
/* End XCConfigurationList section */
	};
	rootObject = 6F65B655243077A6007E5E4F /* Project object */;
}
